
Microsoft Visual Studio Solution File, Format Version 12.00
# Visual Studio Version 17
VisualStudioVersion = 17.9.34714.143
MinimumVisualStudioVersion = 10.0.40219.1
Project("{9A19103F-16F7-4668-BE54-9A1E7A4F7556}") = "ABCRetailFunctions", "ABCRetailFunctions\ABCRetailFunctions.csproj", "{BEA41490-4C7C-4A86-A649-8DDA96E0D226}"
EndProject
Global
	GlobalSection(SolutionConfigurationPlatforms) = preSolution
		Debug|Any CPU = Debug|Any CPU
		Release|Any CPU = Release|Any CPU
	EndGlobalSection
	GlobalSection(ProjectConfigurationPlatforms) = postSolution
		{BEA41490-4C7C-4A86-A649-8DDA96E0D226}.Debug|Any CPU.ActiveCfg = Debug|Any CPU
		{BEA41490-4C7C-4A86-A649-8DDA96E0D226}.Debug|Any CPU.Build.0 = Debug|Any CPU
		{BEA41490-4C7C-4A86-A649-8DDA96E0D226}.Release|Any CPU.ActiveCfg = Release|Any CPU
		{BEA41490-4C7C-4A86-A649-8DDA96E0D226}.Release|Any CPU.Build.0 = Release|Any CPU
	EndGlobalSection
	GlobalSection(SolutionProperties) = preSolution
		HideSolutionNode = FALSE
	EndGlobalSection
	GlobalSection(ExtensibilityGlobals) = postSolution
		SolutionGuid = {8882E219-0A1C-4322-9512-837A50D1A09D}
	EndGlobalSection
EndGlobal
